
Microsoft Visual Studio Solution File, Format Version 12.00
# Visual Studio Version 16
VisualStudioVersion = 16.0.31424.327
MinimumVisualStudioVersion = 10.0.40219.1
Project("{FAE04EC0-301F-11D3-BF4B-00C04F79EFBC}") = "SoccerApp", "SoccerApp\SoccerApp.csproj", "{A0AD10E2-8311-4B3B-BF87-D5362732988B}"
EndProject
Global
	GlobalSection(SolutionConfigurationPlatforms) = preSolution
		Debug|Any CPU = Debug|Any CPU
		Release|Any CPU = Release|Any CPU
	EndGlobalSection
	GlobalSection(ProjectConfigurationPlatforms) = postSolution
		{A0AD10E2-8311-4B3B-BF87-D5362732988B}.Debug|Any CPU.ActiveCfg = Debug|Any CPU
		{A0AD10E2-8311-4B3B-BF87-D5362732988B}.Debug|Any CPU.Build.0 = Debug|Any CPU
		{A0AD10E2-8311-4B3B-BF87-D5362732988B}.Release|Any CPU.ActiveCfg = Release|Any CPU
		{A0AD10E2-8311-4B3B-BF87-D5362732988B}.Release|Any CPU.Build.0 = Release|Any CPU
	EndGlobalSection
	GlobalSection(SolutionProperties) = preSolution
		HideSolutionNode = FALSE
	EndGlobalSection
	GlobalSection(ExtensibilityGlobals) = postSolution
		SolutionGuid = {5E8CE44B-3303-42E9-A9A4-DAE34F1CD759}
	EndGlobalSection
EndGlobal
